
Microsoft Visual Studio Solution File, Format Version 12.00
Project("{FAE04EC0-301F-11D3-BF4B-00C04F79EFBC}") = "SS14.Jetfish", "SS14.Jetfish\SS14.Jetfish.csproj", "{24F8D4B6-3711-4855-9AB1-BEC9C237B3C1}"
EndProject
Project("{2150E333-8FDC-42A3-9474-1A3956D46DE8}") = "Solution Items", "Solution Items", "{38019973-E680-4FFA-9582-E4353D1B8C34}"
	ProjectSection(SolutionItems) = preProject
		compose.yaml = compose.yaml
	EndProjectSection
EndProject
Project("{FAE04EC0-301F-11D3-BF4B-00C04F79EFBC}") = "SS14.Jetfish.Tests", "SS14.Jetfish.Tests\SS14.Jetfish.Tests.csproj", "{14E3D868-18EA-4C85-8433-84C86F7D5A91}"
EndProject
Global
	GlobalSection(SolutionConfigurationPlatforms) = preSolution
		Debug|Any CPU = Debug|Any CPU
		Release|Any CPU = Release|Any CPU
	EndGlobalSection
	GlobalSection(ProjectConfigurationPlatforms) = postSolution
		{24F8D4B6-3711-4855-9AB1-BEC9C237B3C1}.Debug|Any CPU.ActiveCfg = Debug|Any CPU
		{24F8D4B6-3711-4855-9AB1-BEC9C237B3C1}.Debug|Any CPU.Build.0 = Debug|Any CPU
		{24F8D4B6-3711-4855-9AB1-BEC9C237B3C1}.Release|Any CPU.ActiveCfg = Release|Any CPU
		{24F8D4B6-3711-4855-9AB1-BEC9C237B3C1}.Release|Any CPU.Build.0 = Release|Any CPU
		{14E3D868-18EA-4C85-8433-84C86F7D5A91}.Debug|Any CPU.ActiveCfg = Debug|Any CPU
		{14E3D868-18EA-4C85-8433-84C86F7D5A91}.Debug|Any CPU.Build.0 = Debug|Any CPU
		{14E3D868-18EA-4C85-8433-84C86F7D5A91}.Release|Any CPU.ActiveCfg = Release|Any CPU
		{14E3D868-18EA-4C85-8433-84C86F7D5A91}.Release|Any CPU.Build.0 = Release|Any CPU
	EndGlobalSection
EndGlobal
